
Microsoft Visual Studio Solution File, Format Version 12.00
# Visual Studio 15
Project("{FAE04EC0-301F-11D3-BF4B-00C04F79EFBC}") = "Assembly-CSharp", "Assembly-CSharp.csproj", "{2EEF2DE6-4C6E-7551-8E8B-6FA4D92C967E}"
EndProject
Project("{FAE04EC0-301F-11D3-BF4B-00C04F79EFBC}") = "Assembly-CSharp-Editor", "Assembly-CSharp-Editor.csproj", "{45DD6AC0-1DC9-8B23-D430-D6C82C0A25AA}"
EndProject
Global
	GlobalSection(SolutionConfigurationPlatforms) = preSolution
		Debug|Any CPU = Debug|Any CPU
		Release|Any CPU = Release|Any CPU
	EndGlobalSection
	GlobalSection(ProjectConfigurationPlatforms) = postSolution
		{2EEF2DE6-4C6E-7551-8E8B-6FA4D92C967E}.Debug|Any CPU.ActiveCfg = Debug|Any CPU
		{2EEF2DE6-4C6E-7551-8E8B-6FA4D92C967E}.Debug|Any CPU.Build.0 = Debug|Any CPU
		{2EEF2DE6-4C6E-7551-8E8B-6FA4D92C967E}.Release|Any CPU.ActiveCfg = Release|Any CPU
		{2EEF2DE6-4C6E-7551-8E8B-6FA4D92C967E}.Release|Any CPU.Build.0 = Release|Any CPU
		{45DD6AC0-1DC9-8B23-D430-D6C82C0A25AA}.Debug|Any CPU.ActiveCfg = Debug|Any CPU
		{45DD6AC0-1DC9-8B23-D430-D6C82C0A25AA}.Debug|Any CPU.Build.0 = Debug|Any CPU
		{45DD6AC0-1DC9-8B23-D430-D6C82C0A25AA}.Release|Any CPU.ActiveCfg = Release|Any CPU
		{45DD6AC0-1DC9-8B23-D430-D6C82C0A25AA}.Release|Any CPU.Build.0 = Release|Any CPU
	EndGlobalSection
	GlobalSection(SolutionProperties) = preSolution
		HideSolutionNode = FALSE
	EndGlobalSection
EndGlobal
